
Microsoft Visual Studio Solution File, Format Version 12.00
# Visual Studio Version 16
VisualStudioVersion = 16.0.35931.194
MinimumVisualStudioVersion = 10.0.40219.1
Project("{FAE04EC0-301F-11D3-BF4B-00C04F79EFBC}") = "To-do-list-Dotnet", "To-do-list-Dotnet\To-do-list-Dotnet.csproj", "{CB366FB6-51FC-4F84-B437-8799274E4EC0}"
EndProject
Global
	GlobalSection(SolutionConfigurationPlatforms) = preSolution
		Debug|Any CPU = Debug|Any CPU
		Release|Any CPU = Release|Any CPU
	EndGlobalSection
	GlobalSection(ProjectConfigurationPlatforms) = postSolution
		{CB366FB6-51FC-4F84-B437-8799274E4EC0}.Debug|Any CPU.ActiveCfg = Debug|Any CPU
		{CB366FB6-51FC-4F84-B437-8799274E4EC0}.Debug|Any CPU.Build.0 = Debug|Any CPU
		{CB366FB6-51FC-4F84-B437-8799274E4EC0}.Release|Any CPU.ActiveCfg = Release|Any CPU
		{CB366FB6-51FC-4F84-B437-8799274E4EC0}.Release|Any CPU.Build.0 = Release|Any CPU
	EndGlobalSection
	GlobalSection(SolutionProperties) = preSolution
		HideSolutionNode = FALSE
	EndGlobalSection
	GlobalSection(ExtensibilityGlobals) = postSolution
		SolutionGuid = {EF2B5FEA-2B14-4744-90A7-3D2055B1130F}
	EndGlobalSection
EndGlobal
